
Microsoft Visual Studio Solution File, Format Version 12.00
# Visual Studio Version 17
VisualStudioVersion = 17.14.36623.8 d17.14
MinimumVisualStudioVersion = 10.0.40219.1
Project("{FAE04EC0-301F-11D3-BF4B-00C04F79EFBC}") = "FoodOrder", "FoodOrder\FoodOrder.csproj", "{A4FD371C-CBF7-46A7-9A0C-0A9AF82D5190}"
EndProject
Project("{FAE04EC0-301F-11D3-BF4B-00C04F79EFBC}") = "WebAPI", "WebAPI\WebAPI.csproj", "{744FDCD7-9723-45DE-990A-F30E4E0E60A8}"
EndProject
Global
	GlobalSection(SolutionConfigurationPlatforms) = preSolution
		Debug|Any CPU = Debug|Any CPU
		Release|Any CPU = Release|Any CPU
	EndGlobalSection
	GlobalSection(ProjectConfigurationPlatforms) = postSolution
		{A4FD371C-CBF7-46A7-9A0C-0A9AF82D5190}.Debug|Any CPU.ActiveCfg = Debug|Any CPU
		{A4FD371C-CBF7-46A7-9A0C-0A9AF82D5190}.Debug|Any CPU.Build.0 = Debug|Any CPU
		{A4FD371C-CBF7-46A7-9A0C-0A9AF82D5190}.Debug|Any CPU.Deploy.0 = Debug|Any CPU
		{A4FD371C-CBF7-46A7-9A0C-0A9AF82D5190}.Release|Any CPU.ActiveCfg = Release|Any CPU
		{A4FD371C-CBF7-46A7-9A0C-0A9AF82D5190}.Release|Any CPU.Build.0 = Release|Any CPU
		{744FDCD7-9723-45DE-990A-F30E4E0E60A8}.Debug|Any CPU.ActiveCfg = Debug|Any CPU
		{744FDCD7-9723-45DE-990A-F30E4E0E60A8}.Debug|Any CPU.Build.0 = Debug|Any CPU
		{744FDCD7-9723-45DE-990A-F30E4E0E60A8}.Release|Any CPU.ActiveCfg = Release|Any CPU
		{744FDCD7-9723-45DE-990A-F30E4E0E60A8}.Release|Any CPU.Build.0 = Release|Any CPU
	EndGlobalSection
	GlobalSection(SolutionProperties) = preSolution
		HideSolutionNode = FALSE
	EndGlobalSection
	GlobalSection(ExtensibilityGlobals) = postSolution
		SolutionGuid = {00472AD9-1872-4DD7-8E01-610F25B1A075}
	EndGlobalSection
EndGlobal
